
Microsoft Visual Studio Solution File, Format Version 12.00
# Visual Studio Version 17
VisualStudioVersion = 17.10.34916.146
MinimumVisualStudioVersion = 10.0.40219.1
Project("{FAE04EC0-301F-11D3-BF4B-00C04F79EFBC}") = "Act10_POO_MathiasS_Biblioteque_Bis", "Act10_POO_MathiasS_Biblioteque_Bis.csproj", "{E1EA0358-E76B-4C18-BF99-08FFACAEB8DA}"
EndProject
Global
	GlobalSection(SolutionConfigurationPlatforms) = preSolution
		Debug|Any CPU = Debug|Any CPU
		Release|Any CPU = Release|Any CPU
	EndGlobalSection
	GlobalSection(ProjectConfigurationPlatforms) = postSolution
		{E1EA0358-E76B-4C18-BF99-08FFACAEB8DA}.Debug|Any CPU.ActiveCfg = Debug|Any CPU
		{E1EA0358-E76B-4C18-BF99-08FFACAEB8DA}.Debug|Any CPU.Build.0 = Debug|Any CPU
		{E1EA0358-E76B-4C18-BF99-08FFACAEB8DA}.Release|Any CPU.ActiveCfg = Release|Any CPU
		{E1EA0358-E76B-4C18-BF99-08FFACAEB8DA}.Release|Any CPU.Build.0 = Release|Any CPU
	EndGlobalSection
	GlobalSection(SolutionProperties) = preSolution
		HideSolutionNode = FALSE
	EndGlobalSection
	GlobalSection(ExtensibilityGlobals) = postSolution
		SolutionGuid = {20DAE1F5-8800-48F2-8863-D579C01DBAA6}
	EndGlobalSection
EndGlobal
