
Microsoft Visual Studio Solution File, Format Version 12.00
# Visual Studio Version 17
VisualStudioVersion = 17.13.35806.99 d17.13
MinimumVisualStudioVersion = 10.0.40219.1
Project("{FAE04EC0-301F-11D3-BF4B-00C04F79EFBC}") = "UAA14_MathiasS_Act12", "UAA14_MathiasS_Act12.csproj", "{8B36D7D0-AD25-4262-9AEC-CE9D82FFDCC4}"
EndProject
Global
	GlobalSection(SolutionConfigurationPlatforms) = preSolution
		Debug|Any CPU = Debug|Any CPU
		Release|Any CPU = Release|Any CPU
	EndGlobalSection
	GlobalSection(ProjectConfigurationPlatforms) = postSolution
		{8B36D7D0-AD25-4262-9AEC-CE9D82FFDCC4}.Debug|Any CPU.ActiveCfg = Debug|Any CPU
		{8B36D7D0-AD25-4262-9AEC-CE9D82FFDCC4}.Debug|Any CPU.Build.0 = Debug|Any CPU
		{8B36D7D0-AD25-4262-9AEC-CE9D82FFDCC4}.Release|Any CPU.ActiveCfg = Release|Any CPU
		{8B36D7D0-AD25-4262-9AEC-CE9D82FFDCC4}.Release|Any CPU.Build.0 = Release|Any CPU
	EndGlobalSection
	GlobalSection(SolutionProperties) = preSolution
		HideSolutionNode = FALSE
	EndGlobalSection
	GlobalSection(ExtensibilityGlobals) = postSolution
		SolutionGuid = {6E8FFFBB-FC83-46AE-87C1-FEC43E324B8C}
	EndGlobalSection
EndGlobal
