
Microsoft Visual Studio Solution File, Format Version 12.00
# Visual Studio Version 17
VisualStudioVersion = 17.10.34916.146
MinimumVisualStudioVersion = 10.0.40219.1
Project("{FAE04EC0-301F-11D3-BF4B-00C04F79EFBC}") = "Act10_POO_MathiasS_Biblioteque", "Act10_POO_MathiasS_Biblioteque.csproj", "{232F21EB-1D3B-4470-B275-3BFA53480636}"
EndProject
Global
	GlobalSection(SolutionConfigurationPlatforms) = preSolution
		Debug|Any CPU = Debug|Any CPU
		Release|Any CPU = Release|Any CPU
	EndGlobalSection
	GlobalSection(ProjectConfigurationPlatforms) = postSolution
		{232F21EB-1D3B-4470-B275-3BFA53480636}.Debug|Any CPU.ActiveCfg = Debug|Any CPU
		{232F21EB-1D3B-4470-B275-3BFA53480636}.Debug|Any CPU.Build.0 = Debug|Any CPU
		{232F21EB-1D3B-4470-B275-3BFA53480636}.Release|Any CPU.ActiveCfg = Release|Any CPU
		{232F21EB-1D3B-4470-B275-3BFA53480636}.Release|Any CPU.Build.0 = Release|Any CPU
	EndGlobalSection
	GlobalSection(SolutionProperties) = preSolution
		HideSolutionNode = FALSE
	EndGlobalSection
	GlobalSection(ExtensibilityGlobals) = postSolution
		SolutionGuid = {67D0E1BF-A94B-4645-9C63-9681B79CACD5}
	EndGlobalSection
EndGlobal
